// !$*UTF8*$!
{
	archiveVersion = 1;
	classes = {
	};
	objectVersion = 46;
	objects = {

/* Begin PBXBuildFile section */
		526A9D95264E2E5E004084A6 /* WZZSecret+String.m in Sources */ = {isa = PBXBuildFile; fileRef = 526A9D94264E2E5E004084A6 /* WZZSecret+String.m */; };
		718956121F49EBC0006A82D2 /* main.m in Sources */ = {isa = PBXBuildFile; fileRef = 718956111F49EBC0006A82D2 /* main.m */; };
		718956251F49EC43006A82D2 /* WZZSecret.m in Sources */ = {isa = PBXBuildFile; fileRef = 718956241F49EC43006A82D2 /* WZZSecret.m */; };
/* End PBXBuildFile section */

/* Begin PBXCopyFilesBuildPhase section */
		7189560C1F49EBC0006A82D2 /* CopyFiles */ = {
			isa = PBXCopyFilesBuildPhase;
			buildActionMask = 2147483647;
			dstPath = /usr/share/man/man1/;
			dstSubfolderSpec = 0;
			files = (
			);
			runOnlyForDeploymentPostprocessing = 1;
		};
/* End PBXCopyFilesBuildPhase section */

/* Begin PBXFileReference section */
		526A9D93264E2E5E004084A6 /* WZZSecret+String.h */ = {isa = PBXFileReference; lastKnownFileType = sourcecode.c.h; path = "WZZSecret+String.h"; sourceTree = "<group>"; };
		526A9D94264E2E5E004084A6 /* WZZSecret+String.m */ = {isa = PBXFileReference; lastKnownFileType = sourcecode.c.objc; path = "WZZSecret+String.m"; sourceTree = "<group>"; };
		7189560E1F49EBC0006A82D2 /* WZZSecretDemo */ = {isa = PBXFileReference; explicitFileType = "compiled.mach-o.executable"; includeInIndex = 0; path = WZZSecretDemo; sourceTree = BUILT_PRODUCTS_DIR; };
		718956111F49EBC0006A82D2 /* main.m */ = {isa = PBXFileReference; lastKnownFileType = sourcecode.c.objc; path = main.m; sourceTree = "<group>"; };
		718956231F49EC43006A82D2 /* WZZSecret.h */ = {isa = PBXFileReference; fileEncoding = 4; lastKnownFileType = sourcecode.c.h; path = WZZSecret.h; sourceTree = "<group>"; };
		718956241F49EC43006A82D2 /* WZZSecret.m */ = {isa = PBXFileReference; fileEncoding = 4; lastKnownFileType = sourcecode.c.objc; path = WZZSecret.m; sourceTree = "<group>"; };
/* End PBXFileReference section */

/* Begin PBXFrameworksBuildPhase section */
		7189560B1F49EBC0006A82D2 /* Frameworks */ = {
			isa = PBXFrameworksBuildPhase;
			buildActionMask = 2147483647;
			files = (
			);
			runOnlyForDeploymentPostprocessing = 0;
		};
/* End PBXFrameworksBuildPhase section */

/* Begin PBXGroup section */
		718956051F49EBC0006A82D2 = {
			isa = PBXGroup;
			children = (
				718956101F49EBC0006A82D2 /* WZZSecretDemo */,
				7189560F1F49EBC0006A82D2 /* Products */,
			);
			sourceTree = "<group>";
		};
		7189560F1F49EBC0006A82D2 /* Products */ = {
			isa = PBXGroup;
			children = (
				7189560E1F49EBC0006A82D2 /* WZZSecretDemo */,
			);
			name = Products;
			sourceTree = "<group>";
		};
		718956101F49EBC0006A82D2 /* WZZSecretDemo */ = {
			isa = PBXGroup;
			children = (
				718956111F49EBC0006A82D2 /* main.m */,
				718956231F49EC43006A82D2 /* WZZSecret.h */,
				718956241F49EC43006A82D2 /* WZZSecret.m */,
				526A9D93264E2E5E004084A6 /* WZZSecret+String.h */,
				526A9D94264E2E5E004084A6 /* WZZSecret+String.m */,
			);
			path = WZZSecretDemo;
			sourceTree = "<group>";
		};
/* End PBXGroup section */

/* Begin PBXNativeTarget section */
		7189560D1F49EBC0006A82D2 /* WZZSecretDemo */ = {
			isa = PBXNativeTarget;
			buildConfigurationList = 718956151F49EBC0006A82D2 /* Build configuration list for PBXNativeTarget "WZZSecretDemo" */;
			buildPhases = (
				7189560A1F49EBC0006A82D2 /* Sources */,
				7189560B1F49EBC0006A82D2 /* Frameworks */,
				7189560C1F49EBC0006A82D2 /* CopyFiles */,
			);
			buildRules = (
			);
			dependencies = (
			);
			name = WZZSecretDemo;
			productName = WZZSecretDemo;
			productReference = 7189560E1F49EBC0006A82D2 /* WZZSecretDemo */;
			productType = "com.apple.product-type.tool";
		};
/* End PBXNativeTarget section */

/* Begin PBXProject section */
		718956061F49EBC0006A82D2 /* Project object */ = {
			isa = PBXProject;
			attributes = {
				LastUpgradeCheck = 0830;
				ORGANIZATIONNAME = "王泽众";
				TargetAttributes = {
					7189560D1F49EBC0006A82D2 = {
						CreatedOnToolsVersion = 8.3.3;
						ProvisioningStyle = Automatic;
					};
				};
			};
			buildConfigurationList = 718956091F49EBC0006A82D2 /* Build configuration list for PBXProject "WZZSecretDemo" */;
			compatibilityVersion = "Xcode 3.2";
			developmentRegion = English;
			hasScannedForEncodings = 0;
			knownRegions = (
				English,
				en,
				Base,
			);
			mainGroup = 718956051F49EBC0006A82D2;
			productRefGroup = 7189560F1F49EBC0006A82D2 /* Products */;
			projectDirPath = "";
			projectRoot = "";
			targets = (
				7189560D1F49EBC0006A82D2 /* WZZSecretDemo */,
			);
		};
/* End PBXProject section */

/* Begin PBXSourcesBuildPhase section */
		7189560A1F49EBC0006A82D2 /* Sources */ = {
			isa = PBXSourcesBuildPhase;
			buildActionMask = 2147483647;
			files = (
				718956121F49EBC0006A82D2 /* main.m in Sources */,
				718956251F49EC43006A82D2 /* WZZSecret.m in Sources */,
				526A9D95264E2E5E004084A6 /* WZZSecret+String.m in Sources */,
			);
			runOnlyForDeploymentPostprocessing = 0;
		};
/* End PBXSourcesBuildPhase section */

/* Begin XCBuildConfiguration section */
		718956131F49EBC0006A82D2 /* Debug */ = {
			isa = XCBuildConfiguration;
			buildSettings = {
				ALWAYS_SEARCH_USER_PATHS = NO;
				CLANG_ANALYZER_NONNULL = YES;
				CLANG_ANALYZER_NUMBER_OBJECT_CONVERSION = YES_AGGRESSIVE;
				CLANG_CXX_LANGUAGE_STANDARD = "gnu++0x";
				CLANG_CXX_LIBRARY = "libc++";
				CLANG_ENABLE_MODULES = YES;
				CLANG_ENABLE_OBJC_ARC = YES;
				CLANG_WARN_BOOL_CONVERSION = YES;
				CLANG_WARN_CONSTANT_CONVERSION = YES;
				CLANG_WARN_DIRECT_OBJC_ISA_USAGE = YES_ERROR;
				CLANG_WARN_DOCUMENTATION_COMMENTS = YES;
				CLANG_WARN_EMPTY_BODY = YES;
				CLANG_WARN_ENUM_CONVERSION = YES;
				CLANG_WARN_INFINITE_RECURSION = YES;
				CLANG_WARN_INT_CONVERSION = YES;
				CLANG_WARN_OBJC_ROOT_CLASS = YES_ERROR;
				CLANG_WARN_SUSPICIOUS_MOVE = YES;
				CLANG_WARN_UNREACHABLE_CODE = YES;
				CLANG_WARN__DUPLICATE_METHOD_MATCH = YES;
				CODE_SIGN_IDENTITY = "-";
				COPY_PHASE_STRIP = NO;
				DEBUG_INFORMATION_FORMAT = dwarf;
				ENABLE_STRICT_OBJC_MSGSEND = YES;
				ENABLE_TESTABILITY = YES;
				GCC_C_LANGUAGE_STANDARD = gnu99;
				GCC_DYNAMIC_NO_PIC = NO;
				GCC_NO_COMMON_BLOCKS = YES;
				GCC_OPTIMIZATION_LEVEL = 0;
				GCC_PREPROCESSOR_DEFINITIONS = (
					"DEBUG=1",
					"$(inherited)",
				);
				GCC_WARN_64_TO_32_BIT_CONVERSION = YES;
				GCC_WARN_ABOUT_RETURN_TYPE = YES_ERROR;
				GCC_WARN_UNDECLARED_SELECTOR = YES;
				GCC_WARN_UNINITIALIZED_AUTOS = YES_AGGRESSIVE;
				GCC_WARN_UNUSED_FUNCTION = YES;
				GCC_WARN_UNUSED_VARIABLE = YES;
				MACOSX_DEPLOYMENT_TARGET = 10.12;
				MTL_ENABLE_DEBUG_INFO = YES;
				ONLY_ACTIVE_ARCH = YES;
				SDKROOT = macosx;
			};
			name = Debug;
		};
		718956141F49EBC0006A82D2 /* Release */ = {
			isa = XCBuildConfiguration;
			buildSettings = {
				ALWAYS_SEARCH_USER_PATHS = NO;
				CLANG_ANALYZER_NONNULL = YES;
				CLANG_ANALYZER_NUMBER_OBJECT_CONVERSION = YES_AGGRESSIVE;
				CLANG_CXX_LANGUAGE_STANDARD = "gnu++0x";
				CLANG_CXX_LIBRARY = "libc++";
				CLANG_ENABLE_MODULES = YES;
				CLANG_ENABLE_OBJC_ARC = YES;
				CLANG_WARN_BOOL_CONVERSION = YES;
				CLANG_WARN_CONSTANT_CONVERSION = YES;
				CLANG_WARN_DIRECT_OBJC_ISA_USAGE = YES_ERROR;
				CLANG_WARN_DOCUMENTATION_COMMENTS = YES;
				CLANG_WARN_EMPTY_BODY = YES;
				CLANG_WARN_ENUM_CONVERSION = YES;
				CLANG_WARN_INFINITE_RECURSION = YES;
				CLANG_WARN_INT_CONVERSION = YES;
				CLANG_WARN_OBJC_ROOT_CLASS = YES_ERROR;
				CLANG_WARN_SUSPICIOUS_MOVE = YES;
				CLANG_WARN_UNREACHABLE_CODE = YES;
				CLANG_WARN__DUPLICATE_METHOD_MATCH = YES;
				CODE_SIGN_IDENTITY = "-";
				COPY_PHASE_STRIP = NO;
				DEBUG_INFORMATION_FORMAT = "dwarf-with-dsym";
				ENABLE_NS_ASSERTIONS = NO;
				ENABLE_STRICT_OBJC_MSGSEND = YES;
				GCC_C_LANGUAGE_STANDARD = gnu99;
				GCC_NO_COMMON_BLOCKS = YES;
				GCC_WARN_64_TO_32_BIT_CONVERSION = YES;
				GCC_WARN_ABOUT_RETURN_TYPE = YES_ERROR;
				GCC_WARN_UNDECLARED_SELECTOR = YES;
				GCC_WARN_UNINITIALIZED_AUTOS = YES_AGGRESSIVE;
				GCC_WARN_UNUSED_FUNCTION = YES;
				GCC_WARN_UNUSED_VARIABLE = YES;
				MACOSX_DEPLOYMENT_TARGET = 10.12;
				MTL_ENABLE_DEBUG_INFO = NO;
				SDKROOT = macosx;
			};
			name = Release;
		};
		718956161F49EBC0006A82D2 /* Debug */ = {
			isa = XCBuildConfiguration;
			buildSettings = {
				PRODUCT_NAME = "$(TARGET_NAME)";
			};
			name = Debug;
		};
		718956171F49EBC0006A82D2 /* Release */ = {
			isa = XCBuildConfiguration;
			buildSettings = {
				PRODUCT_NAME = "$(TARGET_NAME)";
			};
			name = Release;
		};
/* End XCBuildConfiguration section */

/* Begin XCConfigurationList section */
		718956091F49EBC0006A82D2 /* Build configuration list for PBXProject "WZZSecretDemo" */ = {
			isa = XCConfigurationList;
			buildConfigurations = (
				718956131F49EBC0006A82D2 /* Debug */,
				718956141F49EBC0006A82D2 /* Release */,
			);
			defaultConfigurationIsVisible = 0;
			defaultConfigurationName = Release;
		};
		718956151F49EBC0006A82D2 /* Build configuration list for PBXNativeTarget "WZZSecretDemo" */ = {
			isa = XCConfigurationList;
			buildConfigurations = (
				718956161F49EBC0006A82D2 /* Debug */,
				718956171F49EBC0006A82D2 /* Release */,
			);
			defaultConfigurationIsVisible = 0;
			defaultConfigurationName = Release;
		};
/* End XCConfigurationList section */
	};
	rootObject = 718956061F49EBC0006A82D2 /* Project object */;
}
